// !$*UTF8*$!
{
	archiveVersion = 1;
	classes = {
	};
	objectVersion = 46;
	objects = {

/* Begin PBXBuildFile section */
		A1B0AAFB1F17F97500205600 /* AppDelegate.swift in Sources */ = {isa = PBXBuildFile; fileRef = A1B0AAFA1F17F97500205600 /* AppDelegate.swift */; };
		A1B0AB021F17F97500205600 /* Assets.xcassets in Resources */ = {isa = PBXBuildFile; fileRef = A1B0AB011F17F97500205600 /* Assets.xcassets */; };
		A1B0AB0F1F181BF100205600 /* ViewController.swift in Sources */ = {isa = PBXBuildFile; fileRef = A1B0AB0E1F181BF100205600 /* ViewController.swift */; };
		A1B0AB111F181C0A00205600 /* Info.plist in Resources */ = {isa = PBXBuildFile; fileRef = A1B0AB101F181C0A00205600 /* Info.plist */; };
		A1B0AB141F181C4F00205600 /* LaunchScreen.storyboard in Resources */ = {isa = PBXBuildFile; fileRef = A1B0AB121F181C4F00205600 /* LaunchScreen.storyboard */; };
		A1B0AB151F181C4F00205600 /* Main.storyboard in Resources */ = {isa = PBXBuildFile; fileRef = A1B0AB131F181C4F00205600 /* Main.storyboard */; };
		A1B0AB181F183FF500205600 /* Habits.storyboard in Resources */ = {isa = PBXBuildFile; fileRef = A1B0AB171F183FF500205600 /* Habits.storyboard */; };
		A1B0AB1B1F18842C00205600 /* ListHabitsViewController.swift in Sources */ = {isa = PBXBuildFile; fileRef = A1B0AB1A1F18842C00205600 /* ListHabitsViewController.swift */; };
		A1B0AB1D1F1C84B400205600 /* HabitInfomationViewController.swift in Sources */ = {isa = PBXBuildFile; fileRef = A1B0AB1C1F1C84B400205600 /* HabitInfomationViewController.swift */; };
		A1B0AB1F1F1C8A8800205600 /* coreDataHelper.swift in Sources */ = {isa = PBXBuildFile; fileRef = A1B0AB1E1F1C8A8800205600 /* coreDataHelper.swift */; };
/* End PBXBuildFile section */

/* Begin PBXFileReference section */
		A1B0AAF71F17F97500205600 /* Habits.app */ = {isa = PBXFileReference; explicitFileType = wrapper.application; includeInIndex = 0; path = Habits.app; sourceTree = BUILT_PRODUCTS_DIR; };
		A1B0AAFA1F17F97500205600 /* AppDelegate.swift */ = {isa = PBXFileReference; lastKnownFileType = sourcecode.swift; path = AppDelegate.swift; sourceTree = "<group>"; };
		A1B0AB011F17F97500205600 /* Assets.xcassets */ = {isa = PBXFileReference; lastKnownFileType = folder.assetcatalog; path = Assets.xcassets; sourceTree = "<group>"; };
		A1B0AB0E1F181BF100205600 /* ViewController.swift */ = {isa = PBXFileReference; fileEncoding = 4; lastKnownFileType = sourcecode.swift; name = ViewController.swift; path = Controllers/ViewController.swift; sourceTree = "<group>"; };
		A1B0AB101F181C0A00205600 /* Info.plist */ = {isa = PBXFileReference; fileEncoding = 4; lastKnownFileType = text.plist.xml; name = Info.plist; path = Supporting/Info.plist; sourceTree = "<group>"; };
		A1B0AB121F181C4F00205600 /* LaunchScreen.storyboard */ = {isa = PBXFileReference; fileEncoding = 4; lastKnownFileType = file.storyboard; name = LaunchScreen.storyboard; path = Storyboards/LaunchScreen.storyboard; sourceTree = "<group>"; };
		A1B0AB131F181C4F00205600 /* Main.storyboard */ = {isa = PBXFileReference; fileEncoding = 4; lastKnownFileType = file.storyboard; name = Main.storyboard; path = Storyboards/Main.storyboard; sourceTree = "<group>"; };
		A1B0AB171F183FF500205600 /* Habits.storyboard */ = {isa = PBXFileReference; fileEncoding = 4; lastKnownFileType = file.storyboard; name = Habits.storyboard; path = Storyboards/Habits.storyboard; sourceTree = "<group>"; };
		A1B0AB1A1F18842C00205600 /* ListHabitsViewController.swift */ = {isa = PBXFileReference; fileEncoding = 4; lastKnownFileType = sourcecode.swift; name = ListHabitsViewController.swift; path = Controllers/ListHabitsViewController.swift; sourceTree = "<group>"; };
		A1B0AB1C1F1C84B400205600 /* HabitInfomationViewController.swift */ = {isa = PBXFileReference; fileEncoding = 4; lastKnownFileType = sourcecode.swift; name = HabitInfomationViewController.swift; path = Controllers/HabitInfomationViewController.swift; sourceTree = "<group>"; };
		A1B0AB1E1F1C8A8800205600 /* coreDataHelper.swift */ = {isa = PBXFileReference; fileEncoding = 4; lastKnownFileType = sourcecode.swift; name = coreDataHelper.swift; path = Helpers/coreDataHelper.swift; sourceTree = "<group>"; };
/* End PBXFileReference section */

/* Begin PBXFrameworksBuildPhase section */
		A1B0AAF41F17F97500205600 /* Frameworks */ = {
			isa = PBXFrameworksBuildPhase;
			buildActionMask = 2147483647;
			files = (
			);
			runOnlyForDeploymentPostprocessing = 0;
		};
/* End PBXFrameworksBuildPhase section */

/* Begin PBXGroup section */
		A1B0AAEE1F17F97500205600 = {
			isa = PBXGroup;
			children = (
				A1B0AAF91F17F97500205600 /* Habits */,
				A1B0AAF81F17F97500205600 /* Products */,
			);
			sourceTree = "<group>";
		};
		A1B0AAF81F17F97500205600 /* Products */ = {
			isa = PBXGroup;
			children = (
				A1B0AAF71F17F97500205600 /* Habits.app */,
			);
			name = Products;
			sourceTree = "<group>";
		};
		A1B0AAF91F17F97500205600 /* Habits */ = {
			isa = PBXGroup;
			children = (
				A1B0AB161F183FA700205600 /* Storyboards */,
				A1B0AB101F181C0A00205600 /* Info.plist */,
				A1B0AB191F18840F00205600 /* Controllers */,
				A1B0AAFA1F17F97500205600 /* AppDelegate.swift */,
				A1B0AB011F17F97500205600 /* Assets.xcassets */,
				A1B0AB201F1C8A9100205600 /* Helpers */,
			);
			path = Habits;
			sourceTree = "<group>";
		};
		A1B0AB161F183FA700205600 /* Storyboards */ = {
			isa = PBXGroup;
			children = (
				A1B0AB121F181C4F00205600 /* LaunchScreen.storyboard */,
				A1B0AB131F181C4F00205600 /* Main.storyboard */,
				A1B0AB171F183FF500205600 /* Habits.storyboard */,
			);
			name = Storyboards;
			sourceTree = "<group>";
		};
		A1B0AB191F18840F00205600 /* Controllers */ = {
			isa = PBXGroup;
			children = (
				A1B0AB0E1F181BF100205600 /* ViewController.swift */,
				A1B0AB1A1F18842C00205600 /* ListHabitsViewController.swift */,
				A1B0AB1C1F1C84B400205600 /* HabitInfomationViewController.swift */,
			);
			name = Controllers;
			sourceTree = "<group>";
		};
		A1B0AB201F1C8A9100205600 /* Helpers */ = {
			isa = PBXGroup;
			children = (
				A1B0AB1E1F1C8A8800205600 /* coreDataHelper.swift */,
			);
			name = Helpers;
			sourceTree = "<group>";
		};
/* End PBXGroup section */

/* Begin PBXNativeTarget section */
		A1B0AAF61F17F97500205600 /* Habits */ = {
			isa = PBXNativeTarget;
			buildConfigurationList = A1B0AB091F17F97500205600 /* Build configuration list for PBXNativeTarget "Habits" */;
			buildPhases = (
				A1B0AAF31F17F97500205600 /* Sources */,
				A1B0AAF41F17F97500205600 /* Frameworks */,
				A1B0AAF51F17F97500205600 /* Resources */,
			);
			buildRules = (
			);
			dependencies = (
			);
			name = Habits;
			productName = Habits;
			productReference = A1B0AAF71F17F97500205600 /* Habits.app */;
			productType = "com.apple.product-type.application";
		};
/* End PBXNativeTarget section */

/* Begin PBXProject section */
		A1B0AAEF1F17F97500205600 /* Project object */ = {
			isa = PBXProject;
			attributes = {
				LastSwiftUpdateCheck = 0810;
				LastUpgradeCheck = 0810;
				ORGANIZATIONNAME = "Emily Chin";
				TargetAttributes = {
					A1B0AAF61F17F97500205600 = {
						CreatedOnToolsVersion = 8.1;
						ProvisioningStyle = Automatic;
					};
				};
			};
			buildConfigurationList = A1B0AAF21F17F97500205600 /* Build configuration list for PBXProject "Habits" */;
			compatibilityVersion = "Xcode 3.2";
			developmentRegion = English;
			hasScannedForEncodings = 0;
			knownRegions = (
				en,
				Base,
			);
			mainGroup = A1B0AAEE1F17F97500205600;
			productRefGroup = A1B0AAF81F17F97500205600 /* Products */;
			projectDirPath = "";
			projectRoot = "";
			targets = (
				A1B0AAF61F17F97500205600 /* Habits */,
			);
		};
/* End PBXProject section */

/* Begin PBXResourcesBuildPhase section */
		A1B0AAF51F17F97500205600 /* Resources */ = {
			isa = PBXResourcesBuildPhase;
			buildActionMask = 2147483647;
			files = (
				A1B0AB141F181C4F00205600 /* LaunchScreen.storyboard in Resources */,
				A1B0AB111F181C0A00205600 /* Info.plist in Resources */,
				A1B0AB021F17F97500205600 /* Assets.xcassets in Resources */,
				A1B0AB181F183FF500205600 /* Habits.storyboard in Resources */,
				A1B0AB151F181C4F00205600 /* Main.storyboard in Resources */,
			);
			runOnlyForDeploymentPostprocessing = 0;
		};
/* End PBXResourcesBuildPhase section */

/* Begin PBXSourcesBuildPhase section */
		A1B0AAF31F17F97500205600 /* Sources */ = {
			isa = PBXSourcesBuildPhase;
			buildActionMask = 2147483647;
			files = (
				A1B0AB0F1F181BF100205600 /* ViewController.swift in Sources */,
				A1B0AB1D1F1C84B400205600 /* HabitInfomationViewController.swift in Sources */,
				A1B0AB1B1F18842C00205600 /* ListHabitsViewController.swift in Sources */,
				A1B0AAFB1F17F97500205600 /* AppDelegate.swift in Sources */,
				A1B0AB1F1F1C8A8800205600 /* coreDataHelper.swift in Sources */,
			);
			runOnlyForDeploymentPostprocessing = 0;
		};
/* End PBXSourcesBuildPhase section */

/* Begin XCBuildConfiguration section */
		A1B0AB071F17F97500205600 /* Debug */ = {
			isa = XCBuildConfiguration;
			buildSettings = {
				ALWAYS_SEARCH_USER_PATHS = NO;
				CLANG_ANALYZER_NONNULL = YES;
				CLANG_CXX_LANGUAGE_STANDARD = "gnu++0x";
				CLANG_CXX_LIBRARY = "libc++";
				CLANG_ENABLE_MODULES = YES;
				CLANG_ENABLE_OBJC_ARC = YES;
				CLANG_WARN_BOOL_CONVERSION = YES;
				CLANG_WARN_CONSTANT_CONVERSION = YES;
				CLANG_WARN_DIRECT_OBJC_ISA_USAGE = YES_ERROR;
				CLANG_WARN_DOCUMENTATION_COMMENTS = YES;
				CLANG_WARN_EMPTY_BODY = YES;
				CLANG_WARN_ENUM_CONVERSION = YES;
				CLANG_WARN_INFINITE_RECURSION = YES;
				CLANG_WARN_INT_CONVERSION = YES;
				CLANG_WARN_OBJC_ROOT_CLASS = YES_ERROR;
				CLANG_WARN_SUSPICIOUS_MOVES = YES;
				CLANG_WARN_UNREACHABLE_CODE = YES;
				CLANG_WARN__DUPLICATE_METHOD_MATCH = YES;
				"CODE_SIGN_IDENTITY[sdk=iphoneos*]" = "iPhone Developer";
				COPY_PHASE_STRIP = NO;
				DEBUG_INFORMATION_FORMAT = dwarf;
				ENABLE_STRICT_OBJC_MSGSEND = YES;
				ENABLE_TESTABILITY = YES;
				GCC_C_LANGUAGE_STANDARD = gnu99;
				GCC_DYNAMIC_NO_PIC = NO;
				GCC_NO_COMMON_BLOCKS = YES;
				GCC_OPTIMIZATION_LEVEL = 0;
				GCC_PREPROCESSOR_DEFINITIONS = (
					"DEBUG=1",
					"$(inherited)",
				);
				GCC_WARN_64_TO_32_BIT_CONVERSION = YES;
				GCC_WARN_ABOUT_RETURN_TYPE = YES_ERROR;
				GCC_WARN_UNDECLARED_SELECTOR = YES;
				GCC_WARN_UNINITIALIZED_AUTOS = YES_AGGRESSIVE;
				GCC_WARN_UNUSED_FUNCTION = YES;
				GCC_WARN_UNUSED_VARIABLE = YES;
				IPHONEOS_DEPLOYMENT_TARGET = 10.1;
				MTL_ENABLE_DEBUG_INFO = YES;
				ONLY_ACTIVE_ARCH = YES;
				SDKROOT = iphoneos;
				SWIFT_ACTIVE_COMPILATION_CONDITIONS = DEBUG;
				SWIFT_OPTIMIZATION_LEVEL = "-Onone";
			};
			name = Debug;
		};
		A1B0AB081F17F97500205600 /* Release */ = {
			isa = XCBuildConfiguration;
			buildSettings = {
				ALWAYS_SEARCH_USER_PATHS = NO;
				CLANG_ANALYZER_NONNULL = YES;
				CLANG_CXX_LANGUAGE_STANDARD = "gnu++0x";
				CLANG_CXX_LIBRARY = "libc++";
				CLANG_ENABLE_MODULES = YES;
				CLANG_ENABLE_OBJC_ARC = YES;
				CLANG_WARN_BOOL_CONVERSION = YES;
				CLANG_WARN_CONSTANT_CONVERSION = YES;
				CLANG_WARN_DIRECT_OBJC_ISA_USAGE = YES_ERROR;
				CLANG_WARN_DOCUMENTATION_COMMENTS = YES;
				CLANG_WARN_EMPTY_BODY = YES;
				CLANG_WARN_ENUM_CONVERSION = YES;
				CLANG_WARN_INFINITE_RECURSION = YES;
				CLANG_WARN_INT_CONVERSION = YES;
				CLANG_WARN_OBJC_ROOT_CLASS = YES_ERROR;
				CLANG_WARN_SUSPICIOUS_MOVES = YES;
				CLANG_WARN_UNREACHABLE_CODE = YES;
				CLANG_WARN__DUPLICATE_METHOD_MATCH = YES;
				"CODE_SIGN_IDENTITY[sdk=iphoneos*]" = "iPhone Developer";
				COPY_PHASE_STRIP = NO;
				DEBUG_INFORMATION_FORMAT = "dwarf-with-dsym";
				ENABLE_NS_ASSERTIONS = NO;
				ENABLE_STRICT_OBJC_MSGSEND = YES;
				GCC_C_LANGUAGE_STANDARD = gnu99;
				GCC_NO_COMMON_BLOCKS = YES;
				GCC_WARN_64_TO_32_BIT_CONVERSION = YES;
				GCC_WARN_ABOUT_RETURN_TYPE = YES_ERROR;
				GCC_WARN_UNDECLARED_SELECTOR = YES;
				GCC_WARN_UNINITIALIZED_AUTOS = YES_AGGRESSIVE;
				GCC_WARN_UNUSED_FUNCTION = YES;
				GCC_WARN_UNUSED_VARIABLE = YES;
				IPHONEOS_DEPLOYMENT_TARGET = 10.1;
				MTL_ENABLE_DEBUG_INFO = NO;
				SDKROOT = iphoneos;
				SWIFT_OPTIMIZATION_LEVEL = "-Owholemodule";
				VALIDATE_PRODUCT = YES;
			};
			name = Release;
		};
		A1B0AB0A1F17F97500205600 /* Debug */ = {
			isa = XCBuildConfiguration;
			buildSettings = {
				ASSETCATALOG_COMPILER_APPICON_NAME = AppIcon;
				INFOPLIST_FILE = Habits/Info.plist;
				LD_RUNPATH_SEARCH_PATHS = "$(inherited) @executable_path/Frameworks";
				PRODUCT_BUNDLE_IDENTIFIER = com.emilychin.Habits;
				PRODUCT_NAME = "$(TARGET_NAME)";
				SWIFT_VERSION = 3.0;
			};
			name = Debug;
		};
		A1B0AB0B1F17F97500205600 /* Release */ = {
			isa = XCBuildConfiguration;
			buildSettings = {
				ASSETCATALOG_COMPILER_APPICON_NAME = AppIcon;
				INFOPLIST_FILE = Habits/Info.plist;
				LD_RUNPATH_SEARCH_PATHS = "$(inherited) @executable_path/Frameworks";
				PRODUCT_BUNDLE_IDENTIFIER = com.emilychin.Habits;
				PRODUCT_NAME = "$(TARGET_NAME)";
				SWIFT_VERSION = 3.0;
			};
			name = Release;
		};
/* End XCBuildConfiguration section */

/* Begin XCConfigurationList section */
		A1B0AAF21F17F97500205600 /* Build configuration list for PBXProject "Habits" */ = {
			isa = XCConfigurationList;
			buildConfigurations = (
				A1B0AB071F17F97500205600 /* Debug */,
				A1B0AB081F17F97500205600 /* Release */,
			);
			defaultConfigurationIsVisible = 0;
			defaultConfigurationName = Release;
		};
		A1B0AB091F17F97500205600 /* Build configuration list for PBXNativeTarget "Habits" */ = {
			isa = XCConfigurationList;
			buildConfigurations = (
				A1B0AB0A1F17F97500205600 /* Debug */,
				A1B0AB0B1F17F97500205600 /* Release */,
			);
			defaultConfigurationIsVisible = 0;
			defaultConfigurationName = Release;
		};
/* End XCConfigurationList section */
	};
	rootObject = A1B0AAEF1F17F97500205600 /* Project object */;
}
